#MicroXplorer Configuration settings - do not modify
Mcu.Family=STM32F0
VP_SYS_VS_PINREMAP.Mode=PINREMAP
ProjectManager.MainLocation=Core/Src
PA6.Mode=Full_Duplex_Master
ProjectManager.ProjectFileName=encoder_board.ioc
FREERTOS.Tasks01=defaultTask,24,128,StartDefaultTask,Default,NULL,Dynamic,NULL,NULL
PA7.Mode=Full_Duplex_Master
ProjectManager.KeepUserCode=true
Mcu.UserName=STM32F042F4Px
Mcu.PinsNb=12
SPI1.VirtualType=VM_MASTER
ProjectManager.NoMain=false
SPI1.IPParameters=VirtualType,Mode,Direction,CalculateBaudRate,DataSize
CAN.CalculateBaudRate=333333
NVIC.SavedSvcallIrqHandlerGenerated=true
RCC.PLLCLKFreq_Value=16000000
ProjectManager.functionlistsort=1-MX_GPIO_Init-GPIO-false-HAL-true,2-SystemClock_Config-RCC-false-HAL-false,3-MX_SPI1_Init-SPI1-false-HAL-true
PA11.Mode=CAN_Activate
ProjectManager.DefaultFWLocation=true
NVIC.SVC_IRQn=true\:0\:0\:false\:false\:false\:false\:false\:false
ProjectManager.DeletePrevious=true
VP_SYS_VS_PINREMAP.Signal=SYS_VS_PINREMAP
CAN.CalculateTimeBit=3000.00
PinOutPanel.RotationAngle=0
RCC.FamilyName=M
ProjectManager.StackSize=0x400
VP_FREERTOS_VS_CMSIS_V2.Mode=CMSIS_V2
PA13.Signal=SYS_SWDIO
Mcu.IP4=SPI1
Mcu.IP5=SYS
Mcu.IP2=NVIC
Mcu.IP3=RCC
Mcu.IP0=CAN
Mcu.IP1=FREERTOS
PA11.Locked=true
PA12.Signal=CAN_TX
CAN.Prescaler=8
Mcu.UserConstants=
ProjectManager.TargetToolchain=STM32CubeIDE
Mcu.ThirdPartyNb=0
SPI1.Direction=SPI_DIRECTION_2LINES
Mcu.IPNb=6
ProjectManager.PreviousToolchain=
SPI1.CalculateBaudRate=4.0 MBits/s
Mcu.Pin6=PA12
Mcu.Pin7=PA13
ProjectManager.RegisterCallBack=
Mcu.Pin8=PA14
Mcu.Pin9=VP_FREERTOS_VS_CMSIS_V2
FREERTOS.IPParameters=Tasks01
Mcu.Pin0=PF0-OSC_IN
PF0-OSC_IN.Mode=HSE-External-Oscillator
Mcu.Pin1=PF1-OSC_OUT
GPIO.groupedBy=Show All
Mcu.Pin2=PA5
Mcu.Pin3=PA6
Mcu.Pin4=PA7
Mcu.Pin5=PA11
PA5.Signal=SPI1_SCK
ProjectManager.ProjectBuild=false
board=custom
NVIC.SysTick_IRQn=true\:3\:0\:false\:false\:false\:true\:false\:true
ProjectManager.LastFirmware=true
RCC.VCOOutput2Freq_Value=8000000
ProjectManager.FirmwarePackage=STM32Cube FW_F0 V1.11.2
MxDb.Version=DB.6.0.20
NVIC.SavedSystickIrqHandlerGenerated=true
ProjectManager.BackupPrevious=false
MxCube.Version=6.2.0
VP_SYS_VS_tim1.Signal=SYS_VS_tim1
SPI1.Mode=SPI_MODE_MASTER
PA14.Mode=Serial_Wire
VP_SYS_VS_tim1.Mode=TIM1
SPI1.DataSize=SPI_DATASIZE_16BIT
File.Version=6
NVIC.NonMaskableInt_IRQn=true\:0\:0\:false\:false\:true\:false\:false\:false
CAN.IPParameters=CalculateTimeQuantum,CalculateTimeBit,CalculateBaudRate,Prescaler
NVIC.PendSV_IRQn=true\:3\:0\:false\:false\:false\:true\:false\:false
PA13.Mode=Serial_Wire
ProjectManager.FreePins=false
RCC.IPParameters=CECFreq_Value,FamilyName,HSICECFreq_Value,PLLCLKFreq_Value,TimSysFreq_Value,VCOOutput2Freq_Value
ProjectManager.AskForMigrate=true
Mcu.Name=STM32F042F4Px
CAN.CalculateTimeQuantum=1000.0
ProjectManager.HalAssertFull=false
NVIC.SavedPendsvIrqHandlerGenerated=true
ProjectManager.ProjectName=encoder_board
ProjectManager.UnderRoot=true
VP_FREERTOS_VS_CMSIS_V2.Signal=FREERTOS_VS_CMSIS_V2
RCC.HSICECFreq_Value=32786.88524590164
ProjectManager.CoupleFile=false
Mcu.Package=TSSOP20
PA6.Signal=SPI1_MISO
RCC.TimSysFreq_Value=8000000
NVIC.TimeBase=TIM1_BRK_UP_TRG_COM_IRQn
PA12.Mode=CAN_Activate
NVIC.ForceEnableDMAVector=true
KeepUserPlacement=false
ProjectManager.CompilerOptimize=6
ProjectManager.ToolChainLocation=
PA11.Signal=CAN_RX
NVIC.TimeBaseIP=TIM1
PA14.Signal=SYS_SWCLK
ProjectManager.HeapSize=0x200
NVIC.HardFault_IRQn=true\:0\:0\:false\:false\:true\:false\:false\:false
ProjectManager.ComputerToolchain=false
Mcu.Pin11=VP_SYS_VS_tim1
Mcu.Pin10=VP_SYS_VS_PINREMAP
RCC.CECFreq_Value=32786.88524590164
PF0-OSC_IN.Signal=RCC_OSC_IN
PF1-OSC_OUT.Mode=HSE-External-Oscillator
NVIC.TIM1_BRK_UP_TRG_COM_IRQn=true\:0\:0\:false\:false\:true\:false\:false\:true
ProjectManager.CustomerFirmwarePackage=
ProjectManager.DeviceId=STM32F042F4Px
PF1-OSC_OUT.Signal=RCC_OSC_OUT
ProjectManager.LibraryCopy=2
PA5.Mode=Full_Duplex_Master
PA7.Signal=SPI1_MOSI
isbadioc=false
